
Microsoft Visual Studio Solution File, Format Version 12.00
# Visual Studio Version 16
VisualStudioVersion = 16.0.33027.164
MinimumVisualStudioVersion = 10.0.40219.1
Project("{FAE04EC0-301F-11D3-BF4B-00C04F79EFBC}") = "ReCapDemo", "ReCapDemo\ReCapDemo.csproj", "{6AF86C92-9074-4D5E-9025-8DF2B582162A}"
EndProject
Global
	GlobalSection(SolutionConfigurationPlatforms) = preSolution
		Debug|Any CPU = Debug|Any CPU
		Release|Any CPU = Release|Any CPU
	EndGlobalSection
	GlobalSection(ProjectConfigurationPlatforms) = postSolution
		{6AF86C92-9074-4D5E-9025-8DF2B582162A}.Debug|Any CPU.ActiveCfg = Debug|Any CPU
		{6AF86C92-9074-4D5E-9025-8DF2B582162A}.Debug|Any CPU.Build.0 = Debug|Any CPU
		{6AF86C92-9074-4D5E-9025-8DF2B582162A}.Release|Any CPU.ActiveCfg = Release|Any CPU
		{6AF86C92-9074-4D5E-9025-8DF2B582162A}.Release|Any CPU.Build.0 = Release|Any CPU
	EndGlobalSection
	GlobalSection(SolutionProperties) = preSolution
		HideSolutionNode = FALSE
	EndGlobalSection
	GlobalSection(ExtensibilityGlobals) = postSolution
		SolutionGuid = {F140875A-293C-4AC7-8EBD-CB9942963D01}
	EndGlobalSection
EndGlobal
